
Microsoft Visual Studio Solution File, Format Version 12.00
# Visual Studio Version 17
VisualStudioVersion = 17.0.32014.148
MinimumVisualStudioVersion = 10.0.40219.1
Project("{2150E333-8FDC-42A3-9474-1A3956D46DE8}") = "src", "src", "{698B9A16-C6DF-4A99-B101-F83D19AB333F}"
EndProject
Project("{2150E333-8FDC-42A3-9474-1A3956D46DE8}") = "Solution Items", "Solution Items", "{43284642-69CB-483C-90FC-C2635A5B83E8}"
	ProjectSection(SolutionItems) = preProject
		ServiceUrls.txt = ServiceUrls.txt
	EndProjectSection
EndProject
Project("{2150E333-8FDC-42A3-9474-1A3956D46DE8}") = "ApiGateways", "ApiGateways", "{88BF5098-7B23-449F-8107-6B377C5677B4}"
EndProject
Project("{2150E333-8FDC-42A3-9474-1A3956D46DE8}") = "BuildingBlocks", "BuildingBlocks", "{9F333659-F9C8-441D-A829-7961C6FFFB9D}"
EndProject
Project("{2150E333-8FDC-42A3-9474-1A3956D46DE8}") = "Services", "Services", "{EEBA922B-90B3-4A9E-BB20-6655F27A340B}"
EndProject
Project("{2150E333-8FDC-42A3-9474-1A3956D46DE8}") = "Clients", "Clients", "{AB9B497E-E8AD-45C4-8C8D-946781F3A8A9}"
EndProject
Project("{2150E333-8FDC-42A3-9474-1A3956D46DE8}") = "WebApiGateway", "WebApiGateway", "{7F7BCF5A-DA52-41F2-B4E9-1576135BDEC3}"
EndProject
Project("{2150E333-8FDC-42A3-9474-1A3956D46DE8}") = "EventBus", "EventBus", "{F34A5089-BC87-4CE6-A185-EC833BA6609E}"
EndProject
Project("{9A19103F-16F7-4668-BE54-9A1E7A4F7556}") = "EventBus.Factory", "src\BuildingBlocks\EventBus\EventBus.Factory\EventBus.Factory.csproj", "{FC784914-9FAE-43B2-A423-62442453B6E6}"
EndProject
Project("{9A19103F-16F7-4668-BE54-9A1E7A4F7556}") = "EventBus.AzureServiceBus", "src\BuildingBlocks\EventBus\EventBus.AzureServiceBus\EventBus.AzureServiceBus.csproj", "{FE84468E-8737-46F8-A2E4-AC2E801CE87F}"
EndProject
Project("{9A19103F-16F7-4668-BE54-9A1E7A4F7556}") = "EventBus.RabbitMQ", "src\BuildingBlocks\EventBus\EventBus.RabbitMQ\EventBus.RabbitMQ.csproj", "{ECFB1199-9FD7-4727-8702-983CC6B82CE9}"
EndProject
Project("{2150E333-8FDC-42A3-9474-1A3956D46DE8}") = "BlazorWebApp", "BlazorWebApp", "{B9CEB40B-C43A-4B70-8009-B4B90850C3C0}"
EndProject
Project("{9A19103F-16F7-4668-BE54-9A1E7A4F7556}") = "WebApp", "src\Clients\BlazorWebApp\WebApp\WebApp.csproj", "{7491F242-C629-4792-A503-74F4BD205E58}"
EndProject
Project("{2150E333-8FDC-42A3-9474-1A3956D46DE8}") = "BasketService", "BasketService", "{426D79CE-77D4-4896-8102-E67E4FA4BAB8}"
EndProject
Project("{2150E333-8FDC-42A3-9474-1A3956D46DE8}") = "CatalogService", "CatalogService", "{B517FD6D-BE42-480B-BDE7-DBAC0A3401C9}"
EndProject
Project("{9A19103F-16F7-4668-BE54-9A1E7A4F7556}") = "BasketService.Api", "src\Services\BasketService\BasketService.Api\BasketService.Api.csproj", "{8020FBAC-2E3F-45D0-B43F-CC48545145D5}"
EndProject
Project("{9A19103F-16F7-4668-BE54-9A1E7A4F7556}") = "CatalogService.Api", "src\Services\CatelogService\CatelogService.Api\CatalogService.Api.csproj", "{D32424BA-C8B5-454A-85A5-5351458129DB}"
EndProject
Project("{2150E333-8FDC-42A3-9474-1A3956D46DE8}") = "IdentityService", "IdentityService", "{452ABC35-D006-40B2-88FE-861C6C442385}"
EndProject
Project("{9A19103F-16F7-4668-BE54-9A1E7A4F7556}") = "IdentityService.Api", "src\Services\IdentityService\IdentityService.Api\IdentityService.Api.csproj", "{E7E6C85E-9632-47DC-BB11-FEF0B016F737}"
EndProject
Project("{2150E333-8FDC-42A3-9474-1A3956D46DE8}") = "NotificationService", "NotificationService", "{1D29C3AB-5BA8-4005-A0C9-82DFCA408084}"
EndProject
Project("{9A19103F-16F7-4668-BE54-9A1E7A4F7556}") = "NotificationService", "src\Services\NotificationService\NotificationService\NotificationService.csproj", "{39280008-0333-4AD6-9673-C8197C08FFF7}"
EndProject
Project("{2150E333-8FDC-42A3-9474-1A3956D46DE8}") = "OrderService", "OrderService", "{F4422853-6A4F-4AD3-B09E-1D89C72A3E5A}"
EndProject
Project("{9A19103F-16F7-4668-BE54-9A1E7A4F7556}") = "OrderService.Domain", "src\Services\OrderService\OrderService.Domain\OrderService.Domain.csproj", "{9ED54F6C-277B-4BBF-977A-DD82A307FE09}"
EndProject
Project("{9A19103F-16F7-4668-BE54-9A1E7A4F7556}") = "OrderService.Applciation", "src\Services\OrderService\OrderService.Applciation\OrderService.Applciation.csproj", "{22D5FF22-61D3-4305-9D6E-751A1203CA30}"
EndProject
Project("{9A19103F-16F7-4668-BE54-9A1E7A4F7556}") = "OrderService.Infrastructure", "src\Services\OrderService\OrderService.Infrastructure\OrderService.Infrastructure.csproj", "{FFF1E1CB-8B1C-4194-BAE7-7B245A2F7E8C}"
EndProject
Project("{9A19103F-16F7-4668-BE54-9A1E7A4F7556}") = "OrderService.Api", "src\Services\OrderService\OrderService.Api\OrderService.Api.csproj", "{28DC6A3A-D1FB-46C2-AAA0-E91E38B60FEE}"
EndProject
Project("{2150E333-8FDC-42A3-9474-1A3956D46DE8}") = "PaymentService", "PaymentService", "{4AD4E2D3-E5B2-412A-A438-66C4F4728955}"
EndProject
Project("{9A19103F-16F7-4668-BE54-9A1E7A4F7556}") = "PaymentService.Api", "src\Services\PaymentService\PaymentService.Api\PaymentService.Api.csproj", "{7E58E1F3-0112-4718-8767-31752E134694}"
EndProject
Project("{9A19103F-16F7-4668-BE54-9A1E7A4F7556}") = "EventBus.Base", "src\BuildingBlocks\EventBus\EventBus.Base\EventBus.Base.csproj", "{475AD15C-ADA4-497E-B928-629B20F26125}"
EndProject
Project("{2150E333-8FDC-42A3-9474-1A3956D46DE8}") = "docker-compose-files", "docker-compose-files", "{6DE31669-337A-4C9F-B211-DD835CF33529}"
EndProject
Project("{2150E333-8FDC-42A3-9474-1A3956D46DE8}") = "consul", "consul", "{86E938E7-4B7E-419B-A651-73F39AE6F783}"
	ProjectSection(SolutionItems) = preProject
		docker-compose-files\consul\docker-compose.yml = docker-compose-files\consul\docker-compose.yml
	EndProjectSection
EndProject
Project("{2150E333-8FDC-42A3-9474-1A3956D46DE8}") = "rabbitmq", "rabbitmq", "{0827D14A-5768-4724-B376-6B63989022D7}"
	ProjectSection(SolutionItems) = preProject
		docker-compose-files\rabbitmq\docker-compose.yml = docker-compose-files\rabbitmq\docker-compose.yml
	EndProjectSection
EndProject
Project("{2150E333-8FDC-42A3-9474-1A3956D46DE8}") = "redis", "redis", "{56B7B8D2-8279-4ED2-AF86-E241988F54ED}"
	ProjectSection(SolutionItems) = preProject
		docker-compose-files\redis\docker-compose.yml = docker-compose-files\redis\docker-compose.yml
	EndProjectSection
EndProject
Project("{2150E333-8FDC-42A3-9474-1A3956D46DE8}") = "sqlserver", "sqlserver", "{5E1F1974-0E35-426C-A5ED-1B67D368C0E8}"
	ProjectSection(SolutionItems) = preProject
		docker-compose-files\sqlserver\docker-compose.yml = docker-compose-files\sqlserver\docker-compose.yml
	EndProjectSection
EndProject
Project("{9A19103F-16F7-4668-BE54-9A1E7A4F7556}") = "Web.ApiGateway", "src\ApiGateways\WebApiGateway\Web.ApiGateway\Web.ApiGateway.csproj", "{F24E8AF9-C2ED-4C84-9B41-60226F06E548}"
EndProject
Project("{E53339B2-1760-4266-BCC7-CA923CBCF16C}") = "docker-compose", "docker-compose.dcproj", "{A6F0FD85-2A02-483A-B701-9420C9509DC0}"
EndProject
Global
	GlobalSection(SolutionConfigurationPlatforms) = preSolution
		Debug|Any CPU = Debug|Any CPU
		Release|Any CPU = Release|Any CPU
	EndGlobalSection
	GlobalSection(ProjectConfigurationPlatforms) = postSolution
		{FC784914-9FAE-43B2-A423-62442453B6E6}.Debug|Any CPU.ActiveCfg = Debug|Any CPU
		{FC784914-9FAE-43B2-A423-62442453B6E6}.Debug|Any CPU.Build.0 = Debug|Any CPU
		{FC784914-9FAE-43B2-A423-62442453B6E6}.Release|Any CPU.ActiveCfg = Release|Any CPU
		{FC784914-9FAE-43B2-A423-62442453B6E6}.Release|Any CPU.Build.0 = Release|Any CPU
		{FE84468E-8737-46F8-A2E4-AC2E801CE87F}.Debug|Any CPU.ActiveCfg = Debug|Any CPU
		{FE84468E-8737-46F8-A2E4-AC2E801CE87F}.Debug|Any CPU.Build.0 = Debug|Any CPU
		{FE84468E-8737-46F8-A2E4-AC2E801CE87F}.Release|Any CPU.ActiveCfg = Release|Any CPU
		{FE84468E-8737-46F8-A2E4-AC2E801CE87F}.Release|Any CPU.Build.0 = Release|Any CPU
		{ECFB1199-9FD7-4727-8702-983CC6B82CE9}.Debug|Any CPU.ActiveCfg = Debug|Any CPU
		{ECFB1199-9FD7-4727-8702-983CC6B82CE9}.Debug|Any CPU.Build.0 = Debug|Any CPU
		{ECFB1199-9FD7-4727-8702-983CC6B82CE9}.Release|Any CPU.ActiveCfg = Release|Any CPU
		{ECFB1199-9FD7-4727-8702-983CC6B82CE9}.Release|Any CPU.Build.0 = Release|Any CPU
		{7491F242-C629-4792-A503-74F4BD205E58}.Debug|Any CPU.ActiveCfg = Debug|Any CPU
		{7491F242-C629-4792-A503-74F4BD205E58}.Debug|Any CPU.Build.0 = Debug|Any CPU
		{7491F242-C629-4792-A503-74F4BD205E58}.Release|Any CPU.ActiveCfg = Release|Any CPU
		{7491F242-C629-4792-A503-74F4BD205E58}.Release|Any CPU.Build.0 = Release|Any CPU
		{8020FBAC-2E3F-45D0-B43F-CC48545145D5}.Debug|Any CPU.ActiveCfg = Debug|Any CPU
		{8020FBAC-2E3F-45D0-B43F-CC48545145D5}.Debug|Any CPU.Build.0 = Debug|Any CPU
		{8020FBAC-2E3F-45D0-B43F-CC48545145D5}.Release|Any CPU.ActiveCfg = Release|Any CPU
		{8020FBAC-2E3F-45D0-B43F-CC48545145D5}.Release|Any CPU.Build.0 = Release|Any CPU
		{D32424BA-C8B5-454A-85A5-5351458129DB}.Debug|Any CPU.ActiveCfg = Debug|Any CPU
		{D32424BA-C8B5-454A-85A5-5351458129DB}.Debug|Any CPU.Build.0 = Debug|Any CPU
		{D32424BA-C8B5-454A-85A5-5351458129DB}.Release|Any CPU.ActiveCfg = Release|Any CPU
		{D32424BA-C8B5-454A-85A5-5351458129DB}.Release|Any CPU.Build.0 = Release|Any CPU
		{E7E6C85E-9632-47DC-BB11-FEF0B016F737}.Debug|Any CPU.ActiveCfg = Debug|Any CPU
		{E7E6C85E-9632-47DC-BB11-FEF0B016F737}.Debug|Any CPU.Build.0 = Debug|Any CPU
		{E7E6C85E-9632-47DC-BB11-FEF0B016F737}.Release|Any CPU.ActiveCfg = Release|Any CPU
		{E7E6C85E-9632-47DC-BB11-FEF0B016F737}.Release|Any CPU.Build.0 = Release|Any CPU
		{39280008-0333-4AD6-9673-C8197C08FFF7}.Debug|Any CPU.ActiveCfg = Debug|Any CPU
		{39280008-0333-4AD6-9673-C8197C08FFF7}.Debug|Any CPU.Build.0 = Debug|Any CPU
		{39280008-0333-4AD6-9673-C8197C08FFF7}.Release|Any CPU.ActiveCfg = Release|Any CPU
		{39280008-0333-4AD6-9673-C8197C08FFF7}.Release|Any CPU.Build.0 = Release|Any CPU
		{9ED54F6C-277B-4BBF-977A-DD82A307FE09}.Debug|Any CPU.ActiveCfg = Debug|Any CPU
		{9ED54F6C-277B-4BBF-977A-DD82A307FE09}.Debug|Any CPU.Build.0 = Debug|Any CPU
		{9ED54F6C-277B-4BBF-977A-DD82A307FE09}.Release|Any CPU.ActiveCfg = Release|Any CPU
		{9ED54F6C-277B-4BBF-977A-DD82A307FE09}.Release|Any CPU.Build.0 = Release|Any CPU
		{22D5FF22-61D3-4305-9D6E-751A1203CA30}.Debug|Any CPU.ActiveCfg = Debug|Any CPU
		{22D5FF22-61D3-4305-9D6E-751A1203CA30}.Debug|Any CPU.Build.0 = Debug|Any CPU
		{22D5FF22-61D3-4305-9D6E-751A1203CA30}.Release|Any CPU.ActiveCfg = Release|Any CPU
		{22D5FF22-61D3-4305-9D6E-751A1203CA30}.Release|Any CPU.Build.0 = Release|Any CPU
		{FFF1E1CB-8B1C-4194-BAE7-7B245A2F7E8C}.Debug|Any CPU.ActiveCfg = Debug|Any CPU
		{FFF1E1CB-8B1C-4194-BAE7-7B245A2F7E8C}.Debug|Any CPU.Build.0 = Debug|Any CPU
		{FFF1E1CB-8B1C-4194-BAE7-7B245A2F7E8C}.Release|Any CPU.ActiveCfg = Release|Any CPU
		{FFF1E1CB-8B1C-4194-BAE7-7B245A2F7E8C}.Release|Any CPU.Build.0 = Release|Any CPU
		{28DC6A3A-D1FB-46C2-AAA0-E91E38B60FEE}.Debug|Any CPU.ActiveCfg = Debug|Any CPU
		{28DC6A3A-D1FB-46C2-AAA0-E91E38B60FEE}.Debug|Any CPU.Build.0 = Debug|Any CPU
		{28DC6A3A-D1FB-46C2-AAA0-E91E38B60FEE}.Release|Any CPU.ActiveCfg = Release|Any CPU
		{28DC6A3A-D1FB-46C2-AAA0-E91E38B60FEE}.Release|Any CPU.Build.0 = Release|Any CPU
		{7E58E1F3-0112-4718-8767-31752E134694}.Debug|Any CPU.ActiveCfg = Debug|Any CPU
		{7E58E1F3-0112-4718-8767-31752E134694}.Debug|Any CPU.Build.0 = Debug|Any CPU
		{7E58E1F3-0112-4718-8767-31752E134694}.Release|Any CPU.ActiveCfg = Release|Any CPU
		{7E58E1F3-0112-4718-8767-31752E134694}.Release|Any CPU.Build.0 = Release|Any CPU
		{475AD15C-ADA4-497E-B928-629B20F26125}.Debug|Any CPU.ActiveCfg = Debug|Any CPU
		{475AD15C-ADA4-497E-B928-629B20F26125}.Debug|Any CPU.Build.0 = Debug|Any CPU
		{475AD15C-ADA4-497E-B928-629B20F26125}.Release|Any CPU.ActiveCfg = Release|Any CPU
		{475AD15C-ADA4-497E-B928-629B20F26125}.Release|Any CPU.Build.0 = Release|Any CPU
		{F24E8AF9-C2ED-4C84-9B41-60226F06E548}.Debug|Any CPU.ActiveCfg = Debug|Any CPU
		{F24E8AF9-C2ED-4C84-9B41-60226F06E548}.Debug|Any CPU.Build.0 = Debug|Any CPU
		{F24E8AF9-C2ED-4C84-9B41-60226F06E548}.Release|Any CPU.ActiveCfg = Release|Any CPU
		{F24E8AF9-C2ED-4C84-9B41-60226F06E548}.Release|Any CPU.Build.0 = Release|Any CPU
		{A6F0FD85-2A02-483A-B701-9420C9509DC0}.Debug|Any CPU.ActiveCfg = Debug|Any CPU
		{A6F0FD85-2A02-483A-B701-9420C9509DC0}.Debug|Any CPU.Build.0 = Debug|Any CPU
		{A6F0FD85-2A02-483A-B701-9420C9509DC0}.Release|Any CPU.ActiveCfg = Release|Any CPU
		{A6F0FD85-2A02-483A-B701-9420C9509DC0}.Release|Any CPU.Build.0 = Release|Any CPU
	EndGlobalSection
	GlobalSection(SolutionProperties) = preSolution
		HideSolutionNode = FALSE
	EndGlobalSection
	GlobalSection(NestedProjects) = preSolution
		{88BF5098-7B23-449F-8107-6B377C5677B4} = {698B9A16-C6DF-4A99-B101-F83D19AB333F}
		{9F333659-F9C8-441D-A829-7961C6FFFB9D} = {698B9A16-C6DF-4A99-B101-F83D19AB333F}
		{EEBA922B-90B3-4A9E-BB20-6655F27A340B} = {698B9A16-C6DF-4A99-B101-F83D19AB333F}
		{AB9B497E-E8AD-45C4-8C8D-946781F3A8A9} = {698B9A16-C6DF-4A99-B101-F83D19AB333F}
		{7F7BCF5A-DA52-41F2-B4E9-1576135BDEC3} = {88BF5098-7B23-449F-8107-6B377C5677B4}
		{F34A5089-BC87-4CE6-A185-EC833BA6609E} = {9F333659-F9C8-441D-A829-7961C6FFFB9D}
		{FC784914-9FAE-43B2-A423-62442453B6E6} = {F34A5089-BC87-4CE6-A185-EC833BA6609E}
		{FE84468E-8737-46F8-A2E4-AC2E801CE87F} = {F34A5089-BC87-4CE6-A185-EC833BA6609E}
		{ECFB1199-9FD7-4727-8702-983CC6B82CE9} = {F34A5089-BC87-4CE6-A185-EC833BA6609E}
		{B9CEB40B-C43A-4B70-8009-B4B90850C3C0} = {AB9B497E-E8AD-45C4-8C8D-946781F3A8A9}
		{7491F242-C629-4792-A503-74F4BD205E58} = {B9CEB40B-C43A-4B70-8009-B4B90850C3C0}
		{426D79CE-77D4-4896-8102-E67E4FA4BAB8} = {EEBA922B-90B3-4A9E-BB20-6655F27A340B}
		{B517FD6D-BE42-480B-BDE7-DBAC0A3401C9} = {EEBA922B-90B3-4A9E-BB20-6655F27A340B}
		{8020FBAC-2E3F-45D0-B43F-CC48545145D5} = {426D79CE-77D4-4896-8102-E67E4FA4BAB8}
		{D32424BA-C8B5-454A-85A5-5351458129DB} = {B517FD6D-BE42-480B-BDE7-DBAC0A3401C9}
		{452ABC35-D006-40B2-88FE-861C6C442385} = {EEBA922B-90B3-4A9E-BB20-6655F27A340B}
		{E7E6C85E-9632-47DC-BB11-FEF0B016F737} = {452ABC35-D006-40B2-88FE-861C6C442385}
		{1D29C3AB-5BA8-4005-A0C9-82DFCA408084} = {EEBA922B-90B3-4A9E-BB20-6655F27A340B}
		{39280008-0333-4AD6-9673-C8197C08FFF7} = {1D29C3AB-5BA8-4005-A0C9-82DFCA408084}
		{F4422853-6A4F-4AD3-B09E-1D89C72A3E5A} = {EEBA922B-90B3-4A9E-BB20-6655F27A340B}
		{9ED54F6C-277B-4BBF-977A-DD82A307FE09} = {F4422853-6A4F-4AD3-B09E-1D89C72A3E5A}
		{22D5FF22-61D3-4305-9D6E-751A1203CA30} = {F4422853-6A4F-4AD3-B09E-1D89C72A3E5A}
		{FFF1E1CB-8B1C-4194-BAE7-7B245A2F7E8C} = {F4422853-6A4F-4AD3-B09E-1D89C72A3E5A}
		{28DC6A3A-D1FB-46C2-AAA0-E91E38B60FEE} = {F4422853-6A4F-4AD3-B09E-1D89C72A3E5A}
		{4AD4E2D3-E5B2-412A-A438-66C4F4728955} = {EEBA922B-90B3-4A9E-BB20-6655F27A340B}
		{7E58E1F3-0112-4718-8767-31752E134694} = {4AD4E2D3-E5B2-412A-A438-66C4F4728955}
		{475AD15C-ADA4-497E-B928-629B20F26125} = {F34A5089-BC87-4CE6-A185-EC833BA6609E}
		{86E938E7-4B7E-419B-A651-73F39AE6F783} = {6DE31669-337A-4C9F-B211-DD835CF33529}
		{0827D14A-5768-4724-B376-6B63989022D7} = {6DE31669-337A-4C9F-B211-DD835CF33529}
		{56B7B8D2-8279-4ED2-AF86-E241988F54ED} = {6DE31669-337A-4C9F-B211-DD835CF33529}
		{5E1F1974-0E35-426C-A5ED-1B67D368C0E8} = {6DE31669-337A-4C9F-B211-DD835CF33529}
		{F24E8AF9-C2ED-4C84-9B41-60226F06E548} = {7F7BCF5A-DA52-41F2-B4E9-1576135BDEC3}
	EndGlobalSection
	GlobalSection(ExtensibilityGlobals) = postSolution
		SolutionGuid = {783A5B53-3EF7-42D6-9D33-291DF6B29DCB}
	EndGlobalSection
EndGlobal
